
Microsoft Visual Studio Solution File, Format Version 12.00
# Visual Studio 15
VisualStudioVersion = 15.0.28010.2016
MinimumVisualStudioVersion = 10.0.40219.1
Project("{FAE04EC0-301F-11D3-BF4B-00C04F79EFBC}") = "GamingLaptopWebsite", "GamingLaptopWebsite\GamingLaptopWebsite.csproj", "{185C1FF9-989F-4EF0-B3E8-098BFFA5D3D2}"
EndProject
Global
	GlobalSection(SolutionConfigurationPlatforms) = preSolution
		Debug|Any CPU = Debug|Any CPU
		Release|Any CPU = Release|Any CPU
	EndGlobalSection
	GlobalSection(ProjectConfigurationPlatforms) = postSolution
		{185C1FF9-989F-4EF0-B3E8-098BFFA5D3D2}.Debug|Any CPU.ActiveCfg = Debug|Any CPU
		{185C1FF9-989F-4EF0-B3E8-098BFFA5D3D2}.Debug|Any CPU.Build.0 = Debug|Any CPU
		{185C1FF9-989F-4EF0-B3E8-098BFFA5D3D2}.Release|Any CPU.ActiveCfg = Release|Any CPU
		{185C1FF9-989F-4EF0-B3E8-098BFFA5D3D2}.Release|Any CPU.Build.0 = Release|Any CPU
	EndGlobalSection
	GlobalSection(SolutionProperties) = preSolution
		HideSolutionNode = FALSE
	EndGlobalSection
	GlobalSection(ExtensibilityGlobals) = postSolution
		SolutionGuid = {0E9EFD55-D90D-4FA9-BDB6-09B854F8F6E1}
	EndGlobalSection
EndGlobal
